// !$*UTF8*$!
{
	archiveVersion = 1;
	classes = {
	};
	objectVersion = 56;
	objects = {

/* Begin PBXBuildFile section */
		20F3C46B2AEA145B004E6F00 /* AppDelegate.swift in Sources */ = {isa = PBXBuildFile; fileRef = 20F3C46A2AEA145B004E6F00 /* AppDelegate.swift */; };
		20F3C46D2AEA145B004E6F00 /* SceneDelegate.swift in Sources */ = {isa = PBXBuildFile; fileRef = 20F3C46C2AEA145B004E6F00 /* SceneDelegate.swift */; };
		20F3C46F2AEA145B004E6F00 /* ViewController.swift in Sources */ = {isa = PBXBuildFile; fileRef = 20F3C46E2AEA145B004E6F00 /* ViewController.swift */; };
		20F3C4722AEA145B004E6F00 /* Main.storyboard in Resources */ = {isa = PBXBuildFile; fileRef = 20F3C4702AEA145B004E6F00 /* Main.storyboard */; };
		20F3C4742AEA145C004E6F00 /* Assets.xcassets in Resources */ = {isa = PBXBuildFile; fileRef = 20F3C4732AEA145C004E6F00 /* Assets.xcassets */; };
		20F3C4772AEA145C004E6F00 /* LaunchScreen.storyboard in Resources */ = {isa = PBXBuildFile; fileRef = 20F3C4752AEA145C004E6F00 /* LaunchScreen.storyboard */; };
		20F3C4822AEA145C004E6F00 /* MistunTests.swift in Sources */ = {isa = PBXBuildFile; fileRef = 20F3C4812AEA145C004E6F00 /* MistunTests.swift */; };
		20F3C48C2AEA145C004E6F00 /* MistunUITests.swift in Sources */ = {isa = PBXBuildFile; fileRef = 20F3C48B2AEA145C004E6F00 /* MistunUITests.swift */; };
		20F3C48E2AEA145C004E6F00 /* MistunUITestsLaunchTests.swift in Sources */ = {isa = PBXBuildFile; fileRef = 20F3C48D2AEA145C004E6F00 /* MistunUITestsLaunchTests.swift */; };
/* End PBXBuildFile section */

/* Begin PBXContainerItemProxy section */
		20F3C47E2AEA145C004E6F00 /* PBXContainerItemProxy */ = {
			isa = PBXContainerItemProxy;
			containerPortal = 20F3C45F2AEA145B004E6F00 /* Project object */;
			proxyType = 1;
			remoteGlobalIDString = 20F3C4662AEA145B004E6F00;
			remoteInfo = Mistun;
		};
		20F3C4882AEA145C004E6F00 /* PBXContainerItemProxy */ = {
			isa = PBXContainerItemProxy;
			containerPortal = 20F3C45F2AEA145B004E6F00 /* Project object */;
			proxyType = 1;
			remoteGlobalIDString = 20F3C4662AEA145B004E6F00;
			remoteInfo = Mistun;
		};
/* End PBXContainerItemProxy section */

/* Begin PBXFileReference section */
		20F3C4672AEA145B004E6F00 /* Mistun.app */ = {isa = PBXFileReference; explicitFileType = wrapper.application; includeInIndex = 0; path = Mistun.app; sourceTree = BUILT_PRODUCTS_DIR; };
		20F3C46A2AEA145B004E6F00 /* AppDelegate.swift */ = {isa = PBXFileReference; lastKnownFileType = sourcecode.swift; path = AppDelegate.swift; sourceTree = "<group>"; };
		20F3C46C2AEA145B004E6F00 /* SceneDelegate.swift */ = {isa = PBXFileReference; lastKnownFileType = sourcecode.swift; path = SceneDelegate.swift; sourceTree = "<group>"; };
		20F3C46E2AEA145B004E6F00 /* ViewController.swift */ = {isa = PBXFileReference; lastKnownFileType = sourcecode.swift; path = ViewController.swift; sourceTree = "<group>"; };
		20F3C4712AEA145B004E6F00 /* Base */ = {isa = PBXFileReference; lastKnownFileType = file.storyboard; name = Base; path = Base.lproj/Main.storyboard; sourceTree = "<group>"; };
		20F3C4732AEA145C004E6F00 /* Assets.xcassets */ = {isa = PBXFileReference; lastKnownFileType = folder.assetcatalog; path = Assets.xcassets; sourceTree = "<group>"; };
		20F3C4762AEA145C004E6F00 /* Base */ = {isa = PBXFileReference; lastKnownFileType = file.storyboard; name = Base; path = Base.lproj/LaunchScreen.storyboard; sourceTree = "<group>"; };
		20F3C4782AEA145C004E6F00 /* Info.plist */ = {isa = PBXFileReference; lastKnownFileType = text.plist.xml; path = Info.plist; sourceTree = "<group>"; };
		20F3C47D2AEA145C004E6F00 /* MistunTests.xctest */ = {isa = PBXFileReference; explicitFileType = wrapper.cfbundle; includeInIndex = 0; path = MistunTests.xctest; sourceTree = BUILT_PRODUCTS_DIR; };
		20F3C4812AEA145C004E6F00 /* MistunTests.swift */ = {isa = PBXFileReference; lastKnownFileType = sourcecode.swift; path = MistunTests.swift; sourceTree = "<group>"; };
		20F3C4872AEA145C004E6F00 /* MistunUITests.xctest */ = {isa = PBXFileReference; explicitFileType = wrapper.cfbundle; includeInIndex = 0; path = MistunUITests.xctest; sourceTree = BUILT_PRODUCTS_DIR; };
		20F3C48B2AEA145C004E6F00 /* MistunUITests.swift */ = {isa = PBXFileReference; lastKnownFileType = sourcecode.swift; path = MistunUITests.swift; sourceTree = "<group>"; };
		20F3C48D2AEA145C004E6F00 /* MistunUITestsLaunchTests.swift */ = {isa = PBXFileReference; lastKnownFileType = sourcecode.swift; path = MistunUITestsLaunchTests.swift; sourceTree = "<group>"; };
/* End PBXFileReference section */

/* Begin PBXFrameworksBuildPhase section */
		20F3C4642AEA145B004E6F00 /* Frameworks */ = {
			isa = PBXFrameworksBuildPhase;
			buildActionMask = 2147483647;
			files = (
			);
			runOnlyForDeploymentPostprocessing = 0;
		};
		20F3C47A2AEA145C004E6F00 /* Frameworks */ = {
			isa = PBXFrameworksBuildPhase;
			buildActionMask = 2147483647;
			files = (
			);
			runOnlyForDeploymentPostprocessing = 0;
		};
		20F3C4842AEA145C004E6F00 /* Frameworks */ = {
			isa = PBXFrameworksBuildPhase;
			buildActionMask = 2147483647;
			files = (
			);
			runOnlyForDeploymentPostprocessing = 0;
		};
/* End PBXFrameworksBuildPhase section */

/* Begin PBXGroup section */
		20F3C45E2AEA145B004E6F00 = {
			isa = PBXGroup;
			children = (
				20F3C4692AEA145B004E6F00 /* Mistun */,
				20F3C4802AEA145C004E6F00 /* MistunTests */,
				20F3C48A2AEA145C004E6F00 /* MistunUITests */,
				20F3C4682AEA145B004E6F00 /* Products */,
			);
			sourceTree = "<group>";
		};
		20F3C4682AEA145B004E6F00 /* Products */ = {
			isa = PBXGroup;
			children = (
				20F3C4672AEA145B004E6F00 /* Mistun.app */,
				20F3C47D2AEA145C004E6F00 /* MistunTests.xctest */,
				20F3C4872AEA145C004E6F00 /* MistunUITests.xctest */,
			);
			name = Products;
			sourceTree = "<group>";
		};
		20F3C4692AEA145B004E6F00 /* Mistun */ = {
			isa = PBXGroup;
			children = (
				20F3C46A2AEA145B004E6F00 /* AppDelegate.swift */,
				20F3C46C2AEA145B004E6F00 /* SceneDelegate.swift */,
				20F3C46E2AEA145B004E6F00 /* ViewController.swift */,
				20F3C4702AEA145B004E6F00 /* Main.storyboard */,
				20F3C4732AEA145C004E6F00 /* Assets.xcassets */,
				20F3C4752AEA145C004E6F00 /* LaunchScreen.storyboard */,
				20F3C4782AEA145C004E6F00 /* Info.plist */,
			);
			path = Mistun;
			sourceTree = "<group>";
		};
		20F3C4802AEA145C004E6F00 /* MistunTests */ = {
			isa = PBXGroup;
			children = (
				20F3C4812AEA145C004E6F00 /* MistunTests.swift */,
			);
			path = MistunTests;
			sourceTree = "<group>";
		};
		20F3C48A2AEA145C004E6F00 /* MistunUITests */ = {
			isa = PBXGroup;
			children = (
				20F3C48B2AEA145C004E6F00 /* MistunUITests.swift */,
				20F3C48D2AEA145C004E6F00 /* MistunUITestsLaunchTests.swift */,
			);
			path = MistunUITests;
			sourceTree = "<group>";
		};
/* End PBXGroup section */

/* Begin PBXNativeTarget section */
		20F3C4662AEA145B004E6F00 /* Mistun */ = {
			isa = PBXNativeTarget;
			buildConfigurationList = 20F3C4912AEA145C004E6F00 /* Build configuration list for PBXNativeTarget "Mistun" */;
			buildPhases = (
				20F3C4632AEA145B004E6F00 /* Sources */,
				20F3C4642AEA145B004E6F00 /* Frameworks */,
				20F3C4652AEA145B004E6F00 /* Resources */,
			);
			buildRules = (
			);
			dependencies = (
			);
			name = Mistun;
			productName = Mistun;
			productReference = 20F3C4672AEA145B004E6F00 /* Mistun.app */;
			productType = "com.apple.product-type.application";
		};
		20F3C47C2AEA145C004E6F00 /* MistunTests */ = {
			isa = PBXNativeTarget;
			buildConfigurationList = 20F3C4942AEA145C004E6F00 /* Build configuration list for PBXNativeTarget "MistunTests" */;
			buildPhases = (
				20F3C4792AEA145C004E6F00 /* Sources */,
				20F3C47A2AEA145C004E6F00 /* Frameworks */,
				20F3C47B2AEA145C004E6F00 /* Resources */,
			);
			buildRules = (
			);
			dependencies = (
				20F3C47F2AEA145C004E6F00 /* PBXTargetDependency */,
			);
			name = MistunTests;
			productName = MistunTests;
			productReference = 20F3C47D2AEA145C004E6F00 /* MistunTests.xctest */;
			productType = "com.apple.product-type.bundle.unit-test";
		};
		20F3C4862AEA145C004E6F00 /* MistunUITests */ = {
			isa = PBXNativeTarget;
			buildConfigurationList = 20F3C4972AEA145C004E6F00 /* Build configuration list for PBXNativeTarget "MistunUITests" */;
			buildPhases = (
				20F3C4832AEA145C004E6F00 /* Sources */,
				20F3C4842AEA145C004E6F00 /* Frameworks */,
				20F3C4852AEA145C004E6F00 /* Resources */,
			);
			buildRules = (
			);
			dependencies = (
				20F3C4892AEA145C004E6F00 /* PBXTargetDependency */,
			);
			name = MistunUITests;
			productName = MistunUITests;
			productReference = 20F3C4872AEA145C004E6F00 /* MistunUITests.xctest */;
			productType = "com.apple.product-type.bundle.ui-testing";
		};
/* End PBXNativeTarget section */

/* Begin PBXProject section */
		20F3C45F2AEA145B004E6F00 /* Project object */ = {
			isa = PBXProject;
			attributes = {
				BuildIndependentTargetsInParallel = 1;
				LastSwiftUpdateCheck = 1500;
				LastUpgradeCheck = 1500;
				TargetAttributes = {
					20F3C4662AEA145B004E6F00 = {
						CreatedOnToolsVersion = 15.0;
					};
					20F3C47C2AEA145C004E6F00 = {
						CreatedOnToolsVersion = 15.0;
						TestTargetID = 20F3C4662AEA145B004E6F00;
					};
					20F3C4862AEA145C004E6F00 = {
						CreatedOnToolsVersion = 15.0;
						TestTargetID = 20F3C4662AEA145B004E6F00;
					};
				};
			};
			buildConfigurationList = 20F3C4622AEA145B004E6F00 /* Build configuration list for PBXProject "Mistun" */;
			compatibilityVersion = "Xcode 14.0";
			developmentRegion = en;
			hasScannedForEncodings = 0;
			knownRegions = (
				en,
				Base,
			);
			mainGroup = 20F3C45E2AEA145B004E6F00;
			productRefGroup = 20F3C4682AEA145B004E6F00 /* Products */;
			projectDirPath = "";
			projectRoot = "";
			targets = (
				20F3C4662AEA145B004E6F00 /* Mistun */,
				20F3C47C2AEA145C004E6F00 /* MistunTests */,
				20F3C4862AEA145C004E6F00 /* MistunUITests */,
			);
		};
/* End PBXProject section */

/* Begin PBXResourcesBuildPhase section */
		20F3C4652AEA145B004E6F00 /* Resources */ = {
			isa = PBXResourcesBuildPhase;
			buildActionMask = 2147483647;
			files = (
				20F3C4772AEA145C004E6F00 /* LaunchScreen.storyboard in Resources */,
				20F3C4742AEA145C004E6F00 /* Assets.xcassets in Resources */,
				20F3C4722AEA145B004E6F00 /* Main.storyboard in Resources */,
			);
			runOnlyForDeploymentPostprocessing = 0;
		};
		20F3C47B2AEA145C004E6F00 /* Resources */ = {
			isa = PBXResourcesBuildPhase;
			buildActionMask = 2147483647;
			files = (
			);
			runOnlyForDeploymentPostprocessing = 0;
		};
		20F3C4852AEA145C004E6F00 /* Resources */ = {
			isa = PBXResourcesBuildPhase;
			buildActionMask = 2147483647;
			files = (
			);
			runOnlyForDeploymentPostprocessing = 0;
		};
/* End PBXResourcesBuildPhase section */

/* Begin PBXSourcesBuildPhase section */
		20F3C4632AEA145B004E6F00 /* Sources */ = {
			isa = PBXSourcesBuildPhase;
			buildActionMask = 2147483647;
			files = (
				20F3C46F2AEA145B004E6F00 /* ViewController.swift in Sources */,
				20F3C46B2AEA145B004E6F00 /* AppDelegate.swift in Sources */,
				20F3C46D2AEA145B004E6F00 /* SceneDelegate.swift in Sources */,
			);
			runOnlyForDeploymentPostprocessing = 0;
		};
		20F3C4792AEA145C004E6F00 /* Sources */ = {
			isa = PBXSourcesBuildPhase;
			buildActionMask = 2147483647;
			files = (
				20F3C4822AEA145C004E6F00 /* MistunTests.swift in Sources */,
			);
			runOnlyForDeploymentPostprocessing = 0;
		};
		20F3C4832AEA145C004E6F00 /* Sources */ = {
			isa = PBXSourcesBuildPhase;
			buildActionMask = 2147483647;
			files = (
				20F3C48E2AEA145C004E6F00 /* MistunUITestsLaunchTests.swift in Sources */,
				20F3C48C2AEA145C004E6F00 /* MistunUITests.swift in Sources */,
			);
			runOnlyForDeploymentPostprocessing = 0;
		};
/* End PBXSourcesBuildPhase section */

/* Begin PBXTargetDependency section */
		20F3C47F2AEA145C004E6F00 /* PBXTargetDependency */ = {
			isa = PBXTargetDependency;
			target = 20F3C4662AEA145B004E6F00 /* Mistun */;
			targetProxy = 20F3C47E2AEA145C004E6F00 /* PBXContainerItemProxy */;
		};
		20F3C4892AEA145C004E6F00 /* PBXTargetDependency */ = {
			isa = PBXTargetDependency;
			target = 20F3C4662AEA145B004E6F00 /* Mistun */;
			targetProxy = 20F3C4882AEA145C004E6F00 /* PBXContainerItemProxy */;
		};
/* End PBXTargetDependency section */

/* Begin PBXVariantGroup section */
		20F3C4702AEA145B004E6F00 /* Main.storyboard */ = {
			isa = PBXVariantGroup;
			children = (
				20F3C4712AEA145B004E6F00 /* Base */,
			);
			name = Main.storyboard;
			sourceTree = "<group>";
		};
		20F3C4752AEA145C004E6F00 /* LaunchScreen.storyboard */ = {
			isa = PBXVariantGroup;
			children = (
				20F3C4762AEA145C004E6F00 /* Base */,
			);
			name = LaunchScreen.storyboard;
			sourceTree = "<group>";
		};
/* End PBXVariantGroup section */

/* Begin XCBuildConfiguration section */
		20F3C48F2AEA145C004E6F00 /* Debug */ = {
			isa = XCBuildConfiguration;
			buildSettings = {
				ALWAYS_SEARCH_USER_PATHS = NO;
				ASSETCATALOG_COMPILER_GENERATE_SWIFT_ASSET_SYMBOL_EXTENSIONS = YES;
				CLANG_ANALYZER_NONNULL = YES;
				CLANG_ANALYZER_NUMBER_OBJECT_CONVERSION = YES_AGGRESSIVE;
				CLANG_CXX_LANGUAGE_STANDARD = "gnu++20";
				CLANG_ENABLE_MODULES = YES;
				CLANG_ENABLE_OBJC_ARC = YES;
				CLANG_ENABLE_OBJC_WEAK = YES;
				CLANG_WARN_BLOCK_CAPTURE_AUTORELEASING = YES;
				CLANG_WARN_BOOL_CONVERSION = YES;
				CLANG_WARN_COMMA = YES;
				CLANG_WARN_CONSTANT_CONVERSION = YES;
				CLANG_WARN_DEPRECATED_OBJC_IMPLEMENTATIONS = YES;
				CLANG_WARN_DIRECT_OBJC_ISA_USAGE = YES_ERROR;
				CLANG_WARN_DOCUMENTATION_COMMENTS = YES;
				CLANG_WARN_EMPTY_BODY = YES;
				CLANG_WARN_ENUM_CONVERSION = YES;
				CLANG_WARN_INFINITE_RECURSION = YES;
				CLANG_WARN_INT_CONVERSION = YES;
				CLANG_WARN_NON_LITERAL_NULL_CONVERSION = YES;
				CLANG_WARN_OBJC_IMPLICIT_RETAIN_SELF = YES;
				CLANG_WARN_OBJC_LITERAL_CONVERSION = YES;
				CLANG_WARN_OBJC_ROOT_CLASS = YES_ERROR;
				CLANG_WARN_QUOTED_INCLUDE_IN_FRAMEWORK_HEADER = YES;
				CLANG_WARN_RANGE_LOOP_ANALYSIS = YES;
				CLANG_WARN_STRICT_PROTOTYPES = YES;
				CLANG_WARN_SUSPICIOUS_MOVE = YES;
				CLANG_WARN_UNGUARDED_AVAILABILITY = YES_AGGRESSIVE;
				CLANG_WARN_UNREACHABLE_CODE = YES;
				CLANG_WARN__DUPLICATE_METHOD_MATCH = YES;
				COPY_PHASE_STRIP = NO;
				DEBUG_INFORMATION_FORMAT = dwarf;
				ENABLE_STRICT_OBJC_MSGSEND = YES;
				ENABLE_TESTABILITY = YES;
				ENABLE_USER_SCRIPT_SANDBOXING = YES;
				GCC_C_LANGUAGE_STANDARD = gnu17;
				GCC_DYNAMIC_NO_PIC = NO;
				GCC_NO_COMMON_BLOCKS = YES;
				GCC_OPTIMIZATION_LEVEL = 0;
				GCC_PREPROCESSOR_DEFINITIONS = (
					"DEBUG=1",
					"$(inherited)",
				);
				GCC_WARN_64_TO_32_BIT_CONVERSION = YES;
				GCC_WARN_ABOUT_RETURN_TYPE = YES_ERROR;
				GCC_WARN_UNDECLARED_SELECTOR = YES;
				GCC_WARN_UNINITIALIZED_AUTOS = YES_AGGRESSIVE;
				GCC_WARN_UNUSED_FUNCTION = YES;
				GCC_WARN_UNUSED_VARIABLE = YES;
				IPHONEOS_DEPLOYMENT_TARGET = 17.0;
				LOCALIZATION_PREFERS_STRING_CATALOGS = YES;
				MTL_ENABLE_DEBUG_INFO = INCLUDE_SOURCE;
				MTL_FAST_MATH = YES;
				ONLY_ACTIVE_ARCH = YES;
				SDKROOT = iphoneos;
				SWIFT_ACTIVE_COMPILATION_CONDITIONS = "DEBUG $(inherited)";
				SWIFT_OPTIMIZATION_LEVEL = "-Onone";
			};
			name = Debug;
		};
		20F3C4902AEA145C004E6F00 /* Release */ = {
			isa = XCBuildConfiguration;
			buildSettings = {
				ALWAYS_SEARCH_USER_PATHS = NO;
				ASSETCATALOG_COMPILER_GENERATE_SWIFT_ASSET_SYMBOL_EXTENSIONS = YES;
				CLANG_ANALYZER_NONNULL = YES;
				CLANG_ANALYZER_NUMBER_OBJECT_CONVERSION = YES_AGGRESSIVE;
				CLANG_CXX_LANGUAGE_STANDARD = "gnu++20";
				CLANG_ENABLE_MODULES = YES;
				CLANG_ENABLE_OBJC_ARC = YES;
				CLANG_ENABLE_OBJC_WEAK = YES;
				CLANG_WARN_BLOCK_CAPTURE_AUTORELEASING = YES;
				CLANG_WARN_BOOL_CONVERSION = YES;
				CLANG_WARN_COMMA = YES;
				CLANG_WARN_CONSTANT_CONVERSION = YES;
				CLANG_WARN_DEPRECATED_OBJC_IMPLEMENTATIONS = YES;
				CLANG_WARN_DIRECT_OBJC_ISA_USAGE = YES_ERROR;
				CLANG_WARN_DOCUMENTATION_COMMENTS = YES;
				CLANG_WARN_EMPTY_BODY = YES;
				CLANG_WARN_ENUM_CONVERSION = YES;
				CLANG_WARN_INFINITE_RECURSION = YES;
				CLANG_WARN_INT_CONVERSION = YES;
				CLANG_WARN_NON_LITERAL_NULL_CONVERSION = YES;
				CLANG_WARN_OBJC_IMPLICIT_RETAIN_SELF = YES;
				CLANG_WARN_OBJC_LITERAL_CONVERSION = YES;
				CLANG_WARN_OBJC_ROOT_CLASS = YES_ERROR;
				CLANG_WARN_QUOTED_INCLUDE_IN_FRAMEWORK_HEADER = YES;
				CLANG_WARN_RANGE_LOOP_ANALYSIS = YES;
				CLANG_WARN_STRICT_PROTOTYPES = YES;
				CLANG_WARN_SUSPICIOUS_MOVE = YES;
				CLANG_WARN_UNGUARDED_AVAILABILITY = YES_AGGRESSIVE;
				CLANG_WARN_UNREACHABLE_CODE = YES;
				CLANG_WARN__DUPLICATE_METHOD_MATCH = YES;
				COPY_PHASE_STRIP = NO;
				DEBUG_INFORMATION_FORMAT = "dwarf-with-dsym";
				ENABLE_NS_ASSERTIONS = NO;
				ENABLE_STRICT_OBJC_MSGSEND = YES;
				ENABLE_USER_SCRIPT_SANDBOXING = YES;
				GCC_C_LANGUAGE_STANDARD = gnu17;
				GCC_NO_COMMON_BLOCKS = YES;
				GCC_WARN_64_TO_32_BIT_CONVERSION = YES;
				GCC_WARN_ABOUT_RETURN_TYPE = YES_ERROR;
				GCC_WARN_UNDECLARED_SELECTOR = YES;
				GCC_WARN_UNINITIALIZED_AUTOS = YES_AGGRESSIVE;
				GCC_WARN_UNUSED_FUNCTION = YES;
				GCC_WARN_UNUSED_VARIABLE = YES;
				IPHONEOS_DEPLOYMENT_TARGET = 17.0;
				LOCALIZATION_PREFERS_STRING_CATALOGS = YES;
				MTL_ENABLE_DEBUG_INFO = NO;
				MTL_FAST_MATH = YES;
				SDKROOT = iphoneos;
				SWIFT_COMPILATION_MODE = wholemodule;
				VALIDATE_PRODUCT = YES;
			};
			name = Release;
		};
		20F3C4922AEA145C004E6F00 /* Debug */ = {
			isa = XCBuildConfiguration;
			buildSettings = {
				ASSETCATALOG_COMPILER_APPICON_NAME = AppIcon;
				ASSETCATALOG_COMPILER_GLOBAL_ACCENT_COLOR_NAME = AccentColor;
				CODE_SIGN_STYLE = Automatic;
				CURRENT_PROJECT_VERSION = 1;
				GENERATE_INFOPLIST_FILE = YES;
				INFOPLIST_FILE = Mistun/Info.plist;
				INFOPLIST_KEY_UIApplicationSupportsIndirectInputEvents = YES;
				INFOPLIST_KEY_UILaunchStoryboardName = LaunchScreen;
				INFOPLIST_KEY_UIMainStoryboardFile = Main;
				INFOPLIST_KEY_UISupportedInterfaceOrientations_iPad = "UIInterfaceOrientationPortrait UIInterfaceOrientationPortraitUpsideDown UIInterfaceOrientationLandscapeLeft UIInterfaceOrientationLandscapeRight";
				INFOPLIST_KEY_UISupportedInterfaceOrientations_iPhone = "UIInterfaceOrientationPortrait UIInterfaceOrientationLandscapeLeft UIInterfaceOrientationLandscapeRight";
				LD_RUNPATH_SEARCH_PATHS = (
					"$(inherited)",
					"@executable_path/Frameworks",
				);
				MARKETING_VERSION = 1.0;
				PRODUCT_BUNDLE_IDENTIFIER = parduh.Mistun;
				PRODUCT_NAME = "$(TARGET_NAME)";
				SWIFT_EMIT_LOC_STRINGS = YES;
				SWIFT_VERSION = 5.0;
				TARGETED_DEVICE_FAMILY = "1,2";
			};
			name = Debug;
		};
		20F3C4932AEA145C004E6F00 /* Release */ = {
			isa = XCBuildConfiguration;
			buildSettings = {
				ASSETCATALOG_COMPILER_APPICON_NAME = AppIcon;
				ASSETCATALOG_COMPILER_GLOBAL_ACCENT_COLOR_NAME = AccentColor;
				CODE_SIGN_STYLE = Automatic;
				CURRENT_PROJECT_VERSION = 1;
				GENERATE_INFOPLIST_FILE = YES;
				INFOPLIST_FILE = Mistun/Info.plist;
				INFOPLIST_KEY_UIApplicationSupportsIndirectInputEvents = YES;
				INFOPLIST_KEY_UILaunchStoryboardName = LaunchScreen;
				INFOPLIST_KEY_UIMainStoryboardFile = Main;
				INFOPLIST_KEY_UISupportedInterfaceOrientations_iPad = "UIInterfaceOrientationPortrait UIInterfaceOrientationPortraitUpsideDown UIInterfaceOrientationLandscapeLeft UIInterfaceOrientationLandscapeRight";
				INFOPLIST_KEY_UISupportedInterfaceOrientations_iPhone = "UIInterfaceOrientationPortrait UIInterfaceOrientationLandscapeLeft UIInterfaceOrientationLandscapeRight";
				LD_RUNPATH_SEARCH_PATHS = (
					"$(inherited)",
					"@executable_path/Frameworks",
				);
				MARKETING_VERSION = 1.0;
				PRODUCT_BUNDLE_IDENTIFIER = parduh.Mistun;
				PRODUCT_NAME = "$(TARGET_NAME)";
				SWIFT_EMIT_LOC_STRINGS = YES;
				SWIFT_VERSION = 5.0;
				TARGETED_DEVICE_FAMILY = "1,2";
			};
			name = Release;
		};
		20F3C4952AEA145C004E6F00 /* Debug */ = {
			isa = XCBuildConfiguration;
			buildSettings = {
				ALWAYS_EMBED_SWIFT_STANDARD_LIBRARIES = YES;
				BUNDLE_LOADER = "$(TEST_HOST)";
				CODE_SIGN_STYLE = Automatic;
				CURRENT_PROJECT_VERSION = 1;
				GENERATE_INFOPLIST_FILE = YES;
				IPHONEOS_DEPLOYMENT_TARGET = 17.0;
				MARKETING_VERSION = 1.0;
				PRODUCT_BUNDLE_IDENTIFIER = parduh.MistunTests;
				PRODUCT_NAME = "$(TARGET_NAME)";
				SWIFT_EMIT_LOC_STRINGS = NO;
				SWIFT_VERSION = 5.0;
				TARGETED_DEVICE_FAMILY = "1,2";
				TEST_HOST = "$(BUILT_PRODUCTS_DIR)/Mistun.app/$(BUNDLE_EXECUTABLE_FOLDER_PATH)/Mistun";
			};
			name = Debug;
		};
		20F3C4962AEA145C004E6F00 /* Release */ = {
			isa = XCBuildConfiguration;
			buildSettings = {
				ALWAYS_EMBED_SWIFT_STANDARD_LIBRARIES = YES;
				BUNDLE_LOADER = "$(TEST_HOST)";
				CODE_SIGN_STYLE = Automatic;
				CURRENT_PROJECT_VERSION = 1;
				GENERATE_INFOPLIST_FILE = YES;
				IPHONEOS_DEPLOYMENT_TARGET = 17.0;
				MARKETING_VERSION = 1.0;
				PRODUCT_BUNDLE_IDENTIFIER = parduh.MistunTests;
				PRODUCT_NAME = "$(TARGET_NAME)";
				SWIFT_EMIT_LOC_STRINGS = NO;
				SWIFT_VERSION = 5.0;
				TARGETED_DEVICE_FAMILY = "1,2";
				TEST_HOST = "$(BUILT_PRODUCTS_DIR)/Mistun.app/$(BUNDLE_EXECUTABLE_FOLDER_PATH)/Mistun";
			};
			name = Release;
		};
		20F3C4982AEA145C004E6F00 /* Debug */ = {
			isa = XCBuildConfiguration;
			buildSettings = {
				ALWAYS_EMBED_SWIFT_STANDARD_LIBRARIES = YES;
				CODE_SIGN_STYLE = Automatic;
				CURRENT_PROJECT_VERSION = 1;
				GENERATE_INFOPLIST_FILE = YES;
				MARKETING_VERSION = 1.0;
				PRODUCT_BUNDLE_IDENTIFIER = parduh.MistunUITests;
				PRODUCT_NAME = "$(TARGET_NAME)";
				SWIFT_EMIT_LOC_STRINGS = NO;
				SWIFT_VERSION = 5.0;
				TARGETED_DEVICE_FAMILY = "1,2";
				TEST_TARGET_NAME = Mistun;
			};
			name = Debug;
		};
		20F3C4992AEA145C004E6F00 /* Release */ = {
			isa = XCBuildConfiguration;
			buildSettings = {
				ALWAYS_EMBED_SWIFT_STANDARD_LIBRARIES = YES;
				CODE_SIGN_STYLE = Automatic;
				CURRENT_PROJECT_VERSION = 1;
				GENERATE_INFOPLIST_FILE = YES;
				MARKETING_VERSION = 1.0;
				PRODUCT_BUNDLE_IDENTIFIER = parduh.MistunUITests;
				PRODUCT_NAME = "$(TARGET_NAME)";
				SWIFT_EMIT_LOC_STRINGS = NO;
				SWIFT_VERSION = 5.0;
				TARGETED_DEVICE_FAMILY = "1,2";
				TEST_TARGET_NAME = Mistun;
			};
			name = Release;
		};
/* End XCBuildConfiguration section */

/* Begin XCConfigurationList section */
		20F3C4622AEA145B004E6F00 /* Build configuration list for PBXProject "Mistun" */ = {
			isa = XCConfigurationList;
			buildConfigurations = (
				20F3C48F2AEA145C004E6F00 /* Debug */,
				20F3C4902AEA145C004E6F00 /* Release */,
			);
			defaultConfigurationIsVisible = 0;
			defaultConfigurationName = Release;
		};
		20F3C4912AEA145C004E6F00 /* Build configuration list for PBXNativeTarget "Mistun" */ = {
			isa = XCConfigurationList;
			buildConfigurations = (
				20F3C4922AEA145C004E6F00 /* Debug */,
				20F3C4932AEA145C004E6F00 /* Release */,
			);
			defaultConfigurationIsVisible = 0;
			defaultConfigurationName = Release;
		};
		20F3C4942AEA145C004E6F00 /* Build configuration list for PBXNativeTarget "MistunTests" */ = {
			isa = XCConfigurationList;
			buildConfigurations = (
				20F3C4952AEA145C004E6F00 /* Debug */,
				20F3C4962AEA145C004E6F00 /* Release */,
			);
			defaultConfigurationIsVisible = 0;
			defaultConfigurationName = Release;
		};
		20F3C4972AEA145C004E6F00 /* Build configuration list for PBXNativeTarget "MistunUITests" */ = {
			isa = XCConfigurationList;
			buildConfigurations = (
				20F3C4982AEA145C004E6F00 /* Debug */,
				20F3C4992AEA145C004E6F00 /* Release */,
			);
			defaultConfigurationIsVisible = 0;
			defaultConfigurationName = Release;
		};
/* End XCConfigurationList section */
	};
	rootObject = 20F3C45F2AEA145B004E6F00 /* Project object */;
}
