// !$*UTF8*$!
{
	archiveVersion = 1;
	classes = {
	};
	objectVersion = 56;
	objects = {

/* Begin PBXBuildFile section */
		2021B6E62AF68701000D8271 /* Constants.swift in Sources */ = {isa = PBXBuildFile; fileRef = 2021B6E52AF68701000D8271 /* Constants.swift */; };
		2021B6E92AF687EB000D8271 /* MistunEndPoint.swift in Sources */ = {isa = PBXBuildFile; fileRef = 2021B6E82AF687EB000D8271 /* MistunEndPoint.swift */; };
		2021B6EC2AF68D7A000D8271 /* CatDTO.swift in Sources */ = {isa = PBXBuildFile; fileRef = 2021B6EB2AF68D7A000D8271 /* CatDTO.swift */; };
		2021B6EF2AF68F02000D8271 /* Cat.swift in Sources */ = {isa = PBXBuildFile; fileRef = 2021B6EE2AF68F02000D8271 /* Cat.swift */; };
		2021B6F12AF68F9D000D8271 /* CatDTO+Mapper.swift in Sources */ = {isa = PBXBuildFile; fileRef = 2021B6F02AF68F9D000D8271 /* CatDTO+Mapper.swift */; };
		2021B6F32AF6905D000D8271 /* CatsDataSourceRemote.swift in Sources */ = {isa = PBXBuildFile; fileRef = 2021B6F22AF6905D000D8271 /* CatsDataSourceRemote.swift */; };
		2021B6F62AF6917F000D8271 /* DogsRepository.swift in Sources */ = {isa = PBXBuildFile; fileRef = 2021B6F52AF6917F000D8271 /* DogsRepository.swift */; };
		2021B6F82AF6931D000D8271 /* GetCatsUseCase.swift in Sources */ = {isa = PBXBuildFile; fileRef = 2021B6F72AF6931D000D8271 /* GetCatsUseCase.swift */; };
		2021B6FA2AF695EE000D8271 /* CatsUseCaseProvider.swift in Sources */ = {isa = PBXBuildFile; fileRef = 2021B6F92AF695EE000D8271 /* CatsUseCaseProvider.swift */; };
		2021B6FD2AF69DB8000D8271 /* CatsPresenter.swift in Sources */ = {isa = PBXBuildFile; fileRef = 2021B6FC2AF69DB8000D8271 /* CatsPresenter.swift */; };
		205686922AEB6BBF0020D729 /* APIClient.swift in Sources */ = {isa = PBXBuildFile; fileRef = 205686912AEB6BBF0020D729 /* APIClient.swift */; };
		205686942AEB73B50020D729 /* APIError.swift in Sources */ = {isa = PBXBuildFile; fileRef = 205686932AEB73B50020D729 /* APIError.swift */; };
		205686962AEB75FB0020D729 /* HttpResponseStatus.swift in Sources */ = {isa = PBXBuildFile; fileRef = 205686952AEB75FB0020D729 /* HttpResponseStatus.swift */; };
		205686982AEB7BEA0020D729 /* Endpoint.swift in Sources */ = {isa = PBXBuildFile; fileRef = 205686972AEB7BEA0020D729 /* Endpoint.swift */; };
		20F3C46B2AEA145B004E6F00 /* AppDelegate.swift in Sources */ = {isa = PBXBuildFile; fileRef = 20F3C46A2AEA145B004E6F00 /* AppDelegate.swift */; };
		20F3C46D2AEA145B004E6F00 /* SceneDelegate.swift in Sources */ = {isa = PBXBuildFile; fileRef = 20F3C46C2AEA145B004E6F00 /* SceneDelegate.swift */; };
		20F3C46F2AEA145B004E6F00 /* CatsViewController.swift in Sources */ = {isa = PBXBuildFile; fileRef = 20F3C46E2AEA145B004E6F00 /* CatsViewController.swift */; };
		20F3C4742AEA145C004E6F00 /* Assets.xcassets in Resources */ = {isa = PBXBuildFile; fileRef = 20F3C4732AEA145C004E6F00 /* Assets.xcassets */; };
		20F3C4772AEA145C004E6F00 /* LaunchScreen.storyboard in Resources */ = {isa = PBXBuildFile; fileRef = 20F3C4752AEA145C004E6F00 /* LaunchScreen.storyboard */; };
		20F3C4822AEA145C004E6F00 /* MistunTests.swift in Sources */ = {isa = PBXBuildFile; fileRef = 20F3C4812AEA145C004E6F00 /* MistunTests.swift */; };
/* End PBXBuildFile section */

/* Begin PBXContainerItemProxy section */
		20F3C47E2AEA145C004E6F00 /* PBXContainerItemProxy */ = {
			isa = PBXContainerItemProxy;
			containerPortal = 20F3C45F2AEA145B004E6F00 /* Project object */;
			proxyType = 1;
			remoteGlobalIDString = 20F3C4662AEA145B004E6F00;
			remoteInfo = Mistun;
		};
/* End PBXContainerItemProxy section */

/* Begin PBXFileReference section */
		2021B6E52AF68701000D8271 /* Constants.swift */ = {isa = PBXFileReference; lastKnownFileType = sourcecode.swift; path = Constants.swift; sourceTree = "<group>"; };
		2021B6E82AF687EB000D8271 /* MistunEndPoint.swift */ = {isa = PBXFileReference; lastKnownFileType = sourcecode.swift; path = MistunEndPoint.swift; sourceTree = "<group>"; };
		2021B6EB2AF68D7A000D8271 /* CatDTO.swift */ = {isa = PBXFileReference; lastKnownFileType = sourcecode.swift; path = CatDTO.swift; sourceTree = "<group>"; };
		2021B6EE2AF68F02000D8271 /* Cat.swift */ = {isa = PBXFileReference; lastKnownFileType = sourcecode.swift; path = Cat.swift; sourceTree = "<group>"; };
		2021B6F02AF68F9D000D8271 /* CatDTO+Mapper.swift */ = {isa = PBXFileReference; lastKnownFileType = sourcecode.swift; path = "CatDTO+Mapper.swift"; sourceTree = "<group>"; };
		2021B6F22AF6905D000D8271 /* CatsDataSourceRemote.swift */ = {isa = PBXFileReference; lastKnownFileType = sourcecode.swift; path = CatsDataSourceRemote.swift; sourceTree = "<group>"; };
		2021B6F52AF6917F000D8271 /* DogsRepository.swift */ = {isa = PBXFileReference; lastKnownFileType = sourcecode.swift; path = DogsRepository.swift; sourceTree = "<group>"; };
		2021B6F72AF6931D000D8271 /* GetCatsUseCase.swift */ = {isa = PBXFileReference; lastKnownFileType = sourcecode.swift; path = GetCatsUseCase.swift; sourceTree = "<group>"; };
		2021B6F92AF695EE000D8271 /* CatsUseCaseProvider.swift */ = {isa = PBXFileReference; lastKnownFileType = sourcecode.swift; path = CatsUseCaseProvider.swift; sourceTree = "<group>"; };
		2021B6FC2AF69DB8000D8271 /* CatsPresenter.swift */ = {isa = PBXFileReference; lastKnownFileType = sourcecode.swift; path = CatsPresenter.swift; sourceTree = "<group>"; };
		205686912AEB6BBF0020D729 /* APIClient.swift */ = {isa = PBXFileReference; lastKnownFileType = sourcecode.swift; path = APIClient.swift; sourceTree = "<group>"; };
		205686932AEB73B50020D729 /* APIError.swift */ = {isa = PBXFileReference; lastKnownFileType = sourcecode.swift; path = APIError.swift; sourceTree = "<group>"; };
		205686952AEB75FB0020D729 /* HttpResponseStatus.swift */ = {isa = PBXFileReference; lastKnownFileType = sourcecode.swift; path = HttpResponseStatus.swift; sourceTree = "<group>"; };
		205686972AEB7BEA0020D729 /* Endpoint.swift */ = {isa = PBXFileReference; lastKnownFileType = sourcecode.swift; path = Endpoint.swift; sourceTree = "<group>"; };
		20F3C4672AEA145B004E6F00 /* Mistun.app */ = {isa = PBXFileReference; explicitFileType = wrapper.application; includeInIndex = 0; path = Mistun.app; sourceTree = BUILT_PRODUCTS_DIR; };
		20F3C46A2AEA145B004E6F00 /* AppDelegate.swift */ = {isa = PBXFileReference; lastKnownFileType = sourcecode.swift; path = AppDelegate.swift; sourceTree = "<group>"; };
		20F3C46C2AEA145B004E6F00 /* SceneDelegate.swift */ = {isa = PBXFileReference; lastKnownFileType = sourcecode.swift; path = SceneDelegate.swift; sourceTree = "<group>"; };
		20F3C46E2AEA145B004E6F00 /* CatsViewController.swift */ = {isa = PBXFileReference; lastKnownFileType = sourcecode.swift; path = CatsViewController.swift; sourceTree = "<group>"; };
		20F3C4732AEA145C004E6F00 /* Assets.xcassets */ = {isa = PBXFileReference; lastKnownFileType = folder.assetcatalog; path = Assets.xcassets; sourceTree = "<group>"; };
		20F3C4762AEA145C004E6F00 /* Base */ = {isa = PBXFileReference; lastKnownFileType = file.storyboard; name = Base; path = Base.lproj/LaunchScreen.storyboard; sourceTree = "<group>"; };
		20F3C4782AEA145C004E6F00 /* Info.plist */ = {isa = PBXFileReference; lastKnownFileType = text.plist.xml; path = Info.plist; sourceTree = "<group>"; };
		20F3C47D2AEA145C004E6F00 /* MistunTests.xctest */ = {isa = PBXFileReference; explicitFileType = wrapper.cfbundle; includeInIndex = 0; path = MistunTests.xctest; sourceTree = BUILT_PRODUCTS_DIR; };
		20F3C4812AEA145C004E6F00 /* MistunTests.swift */ = {isa = PBXFileReference; lastKnownFileType = sourcecode.swift; path = MistunTests.swift; sourceTree = "<group>"; };
/* End PBXFileReference section */

/* Begin PBXFrameworksBuildPhase section */
		20F3C4642AEA145B004E6F00 /* Frameworks */ = {
			isa = PBXFrameworksBuildPhase;
			buildActionMask = 2147483647;
			files = (
			);
			runOnlyForDeploymentPostprocessing = 0;
		};
		20F3C47A2AEA145C004E6F00 /* Frameworks */ = {
			isa = PBXFrameworksBuildPhase;
			buildActionMask = 2147483647;
			files = (
			);
			runOnlyForDeploymentPostprocessing = 0;
		};
/* End PBXFrameworksBuildPhase section */

/* Begin PBXGroup section */
		2021B6E42AF686F2000D8271 /* Core */ = {
			isa = PBXGroup;
			children = (
				2021B6E52AF68701000D8271 /* Constants.swift */,
			);
			path = Core;
			sourceTree = "<group>";
		};
		2021B6E72AF687B9000D8271 /* Endpoints */ = {
			isa = PBXGroup;
			children = (
				2021B6E82AF687EB000D8271 /* MistunEndPoint.swift */,
			);
			path = Endpoints;
			sourceTree = "<group>";
		};
		2021B6EA2AF68CF4000D8271 /* Data */ = {
			isa = PBXGroup;
			children = (
				2021B6F42AF69168000D8271 /* Remote */,
				2021B6F52AF6917F000D8271 /* DogsRepository.swift */,
			);
			path = Data;
			sourceTree = "<group>";
		};
		2021B6ED2AF68EC7000D8271 /* Domain */ = {
			isa = PBXGroup;
			children = (
				2021B6EE2AF68F02000D8271 /* Cat.swift */,
				2021B6F72AF6931D000D8271 /* GetCatsUseCase.swift */,
				2021B6F92AF695EE000D8271 /* CatsUseCaseProvider.swift */,
			);
			path = Domain;
			sourceTree = "<group>";
		};
		2021B6F42AF69168000D8271 /* Remote */ = {
			isa = PBXGroup;
			children = (
				2021B6EB2AF68D7A000D8271 /* CatDTO.swift */,
				2021B6F02AF68F9D000D8271 /* CatDTO+Mapper.swift */,
				2021B6F22AF6905D000D8271 /* CatsDataSourceRemote.swift */,
			);
			path = Remote;
			sourceTree = "<group>";
		};
		2021B6FB2AF69D91000D8271 /* Presentation */ = {
			isa = PBXGroup;
			children = (
				20F3C46E2AEA145B004E6F00 /* CatsViewController.swift */,
				2021B6FC2AF69DB8000D8271 /* CatsPresenter.swift */,
			);
			path = Presentation;
			sourceTree = "<group>";
		};
		205686882AEB62A40020D729 /* App */ = {
			isa = PBXGroup;
			children = (
				2021B6E42AF686F2000D8271 /* Core */,
				2056868F2AEB6B4B0020D729 /* Networking */,
				2056868A2AEB63310020D729 /* Modules */,
				2056868D2AEB63D10020D729 /* CompositionRoot */,
				205686892AEB62F40020D729 /* Resources */,
			);
			path = App;
			sourceTree = "<group>";
		};
		205686892AEB62F40020D729 /* Resources */ = {
			isa = PBXGroup;
			children = (
				20F3C4732AEA145C004E6F00 /* Assets.xcassets */,
			);
			path = Resources;
			sourceTree = "<group>";
		};
		2056868A2AEB63310020D729 /* Modules */ = {
			isa = PBXGroup;
			children = (
				2056868C2AEB63930020D729 /* Cats */,
				2056868B2AEB63480020D729 /* LauchScreen */,
			);
			path = Modules;
			sourceTree = "<group>";
		};
		2056868B2AEB63480020D729 /* LauchScreen */ = {
			isa = PBXGroup;
			children = (
				20F3C4752AEA145C004E6F00 /* LaunchScreen.storyboard */,
			);
			path = LauchScreen;
			sourceTree = "<group>";
		};
		2056868C2AEB63930020D729 /* Cats */ = {
			isa = PBXGroup;
			children = (
				2021B6E72AF687B9000D8271 /* Endpoints */,
				2021B6EA2AF68CF4000D8271 /* Data */,
				2021B6ED2AF68EC7000D8271 /* Domain */,
				2021B6FB2AF69D91000D8271 /* Presentation */,
			);
			path = Cats;
			sourceTree = "<group>";
		};
		2056868D2AEB63D10020D729 /* CompositionRoot */ = {
			isa = PBXGroup;
			children = (
				2056868E2AEB63E80020D729 /* System */,
			);
			path = CompositionRoot;
			sourceTree = "<group>";
		};
		2056868E2AEB63E80020D729 /* System */ = {
			isa = PBXGroup;
			children = (
				20F3C46A2AEA145B004E6F00 /* AppDelegate.swift */,
				20F3C46C2AEA145B004E6F00 /* SceneDelegate.swift */,
			);
			path = System;
			sourceTree = "<group>";
		};
		2056868F2AEB6B4B0020D729 /* Networking */ = {
			isa = PBXGroup;
			children = (
				205686902AEB6B770020D729 /* ApiService */,
			);
			path = Networking;
			sourceTree = "<group>";
		};
		205686902AEB6B770020D729 /* ApiService */ = {
			isa = PBXGroup;
			children = (
				205686972AEB7BEA0020D729 /* Endpoint.swift */,
				205686952AEB75FB0020D729 /* HttpResponseStatus.swift */,
				205686932AEB73B50020D729 /* APIError.swift */,
				205686912AEB6BBF0020D729 /* APIClient.swift */,
			);
			path = ApiService;
			sourceTree = "<group>";
		};
		20F3C45E2AEA145B004E6F00 = {
			isa = PBXGroup;
			children = (
				20F3C4692AEA145B004E6F00 /* Mistun */,
				20F3C4802AEA145C004E6F00 /* MistunTests */,
				20F3C4682AEA145B004E6F00 /* Products */,
			);
			sourceTree = "<group>";
		};
		20F3C4682AEA145B004E6F00 /* Products */ = {
			isa = PBXGroup;
			children = (
				20F3C4672AEA145B004E6F00 /* Mistun.app */,
				20F3C47D2AEA145C004E6F00 /* MistunTests.xctest */,
			);
			name = Products;
			sourceTree = "<group>";
		};
		20F3C4692AEA145B004E6F00 /* Mistun */ = {
			isa = PBXGroup;
			children = (
				205686882AEB62A40020D729 /* App */,
				20F3C4782AEA145C004E6F00 /* Info.plist */,
			);
			path = Mistun;
			sourceTree = "<group>";
		};
		20F3C4802AEA145C004E6F00 /* MistunTests */ = {
			isa = PBXGroup;
			children = (
				20F3C4812AEA145C004E6F00 /* MistunTests.swift */,
			);
			path = MistunTests;
			sourceTree = "<group>";
		};
/* End PBXGroup section */

/* Begin PBXNativeTarget section */
		20F3C4662AEA145B004E6F00 /* Mistun */ = {
			isa = PBXNativeTarget;
			buildConfigurationList = 20F3C4912AEA145C004E6F00 /* Build configuration list for PBXNativeTarget "Mistun" */;
			buildPhases = (
				20F3C4632AEA145B004E6F00 /* Sources */,
				20F3C4642AEA145B004E6F00 /* Frameworks */,
				20F3C4652AEA145B004E6F00 /* Resources */,
			);
			buildRules = (
			);
			dependencies = (
			);
			name = Mistun;
			productName = Mistun;
			productReference = 20F3C4672AEA145B004E6F00 /* Mistun.app */;
			productType = "com.apple.product-type.application";
		};
		20F3C47C2AEA145C004E6F00 /* MistunTests */ = {
			isa = PBXNativeTarget;
			buildConfigurationList = 20F3C4942AEA145C004E6F00 /* Build configuration list for PBXNativeTarget "MistunTests" */;
			buildPhases = (
				20F3C4792AEA145C004E6F00 /* Sources */,
				20F3C47A2AEA145C004E6F00 /* Frameworks */,
				20F3C47B2AEA145C004E6F00 /* Resources */,
			);
			buildRules = (
			);
			dependencies = (
				20F3C47F2AEA145C004E6F00 /* PBXTargetDependency */,
			);
			name = MistunTests;
			productName = MistunTests;
			productReference = 20F3C47D2AEA145C004E6F00 /* MistunTests.xctest */;
			productType = "com.apple.product-type.bundle.unit-test";
		};
/* End PBXNativeTarget section */

/* Begin PBXProject section */
		20F3C45F2AEA145B004E6F00 /* Project object */ = {
			isa = PBXProject;
			attributes = {
				BuildIndependentTargetsInParallel = 1;
				LastSwiftUpdateCheck = 1500;
				LastUpgradeCheck = 1500;
				TargetAttributes = {
					20F3C4662AEA145B004E6F00 = {
						CreatedOnToolsVersion = 15.0;
					};
					20F3C47C2AEA145C004E6F00 = {
						CreatedOnToolsVersion = 15.0;
						TestTargetID = 20F3C4662AEA145B004E6F00;
					};
				};
			};
			buildConfigurationList = 20F3C4622AEA145B004E6F00 /* Build configuration list for PBXProject "Mistun" */;
			compatibilityVersion = "Xcode 14.0";
			developmentRegion = en;
			hasScannedForEncodings = 0;
			knownRegions = (
				en,
				Base,
			);
			mainGroup = 20F3C45E2AEA145B004E6F00;
			productRefGroup = 20F3C4682AEA145B004E6F00 /* Products */;
			projectDirPath = "";
			projectRoot = "";
			targets = (
				20F3C4662AEA145B004E6F00 /* Mistun */,
				20F3C47C2AEA145C004E6F00 /* MistunTests */,
			);
		};
/* End PBXProject section */

/* Begin PBXResourcesBuildPhase section */
		20F3C4652AEA145B004E6F00 /* Resources */ = {
			isa = PBXResourcesBuildPhase;
			buildActionMask = 2147483647;
			files = (
				20F3C4772AEA145C004E6F00 /* LaunchScreen.storyboard in Resources */,
				20F3C4742AEA145C004E6F00 /* Assets.xcassets in Resources */,
			);
			runOnlyForDeploymentPostprocessing = 0;
		};
		20F3C47B2AEA145C004E6F00 /* Resources */ = {
			isa = PBXResourcesBuildPhase;
			buildActionMask = 2147483647;
			files = (
			);
			runOnlyForDeploymentPostprocessing = 0;
		};
/* End PBXResourcesBuildPhase section */

/* Begin PBXSourcesBuildPhase section */
		20F3C4632AEA145B004E6F00 /* Sources */ = {
			isa = PBXSourcesBuildPhase;
			buildActionMask = 2147483647;
			files = (
				205686982AEB7BEA0020D729 /* Endpoint.swift in Sources */,
				20F3C46F2AEA145B004E6F00 /* CatsViewController.swift in Sources */,
				2021B6EC2AF68D7A000D8271 /* CatDTO.swift in Sources */,
				2021B6FA2AF695EE000D8271 /* CatsUseCaseProvider.swift in Sources */,
				2021B6FD2AF69DB8000D8271 /* CatsPresenter.swift in Sources */,
				2021B6EF2AF68F02000D8271 /* Cat.swift in Sources */,
				2021B6F32AF6905D000D8271 /* CatsDataSourceRemote.swift in Sources */,
				2021B6E92AF687EB000D8271 /* MistunEndPoint.swift in Sources */,
				2021B6F62AF6917F000D8271 /* DogsRepository.swift in Sources */,
				2021B6F12AF68F9D000D8271 /* CatDTO+Mapper.swift in Sources */,
				20F3C46B2AEA145B004E6F00 /* AppDelegate.swift in Sources */,
				205686962AEB75FB0020D729 /* HttpResponseStatus.swift in Sources */,
				20F3C46D2AEA145B004E6F00 /* SceneDelegate.swift in Sources */,
				2021B6F82AF6931D000D8271 /* GetCatsUseCase.swift in Sources */,
				205686942AEB73B50020D729 /* APIError.swift in Sources */,
				205686922AEB6BBF0020D729 /* APIClient.swift in Sources */,
				2021B6E62AF68701000D8271 /* Constants.swift in Sources */,
			);
			runOnlyForDeploymentPostprocessing = 0;
		};
		20F3C4792AEA145C004E6F00 /* Sources */ = {
			isa = PBXSourcesBuildPhase;
			buildActionMask = 2147483647;
			files = (
				20F3C4822AEA145C004E6F00 /* MistunTests.swift in Sources */,
			);
			runOnlyForDeploymentPostprocessing = 0;
		};
/* End PBXSourcesBuildPhase section */

/* Begin PBXTargetDependency section */
		20F3C47F2AEA145C004E6F00 /* PBXTargetDependency */ = {
			isa = PBXTargetDependency;
			target = 20F3C4662AEA145B004E6F00 /* Mistun */;
			targetProxy = 20F3C47E2AEA145C004E6F00 /* PBXContainerItemProxy */;
		};
/* End PBXTargetDependency section */

/* Begin PBXVariantGroup section */
		20F3C4752AEA145C004E6F00 /* LaunchScreen.storyboard */ = {
			isa = PBXVariantGroup;
			children = (
				20F3C4762AEA145C004E6F00 /* Base */,
			);
			name = LaunchScreen.storyboard;
			sourceTree = "<group>";
		};
/* End PBXVariantGroup section */

/* Begin XCBuildConfiguration section */
		20F3C48F2AEA145C004E6F00 /* Debug */ = {
			isa = XCBuildConfiguration;
			buildSettings = {
				ALWAYS_SEARCH_USER_PATHS = NO;
				ASSETCATALOG_COMPILER_GENERATE_SWIFT_ASSET_SYMBOL_EXTENSIONS = YES;
				CLANG_ANALYZER_NONNULL = YES;
				CLANG_ANALYZER_NUMBER_OBJECT_CONVERSION = YES_AGGRESSIVE;
				CLANG_CXX_LANGUAGE_STANDARD = "gnu++20";
				CLANG_ENABLE_MODULES = YES;
				CLANG_ENABLE_OBJC_ARC = YES;
				CLANG_ENABLE_OBJC_WEAK = YES;
				CLANG_WARN_BLOCK_CAPTURE_AUTORELEASING = YES;
				CLANG_WARN_BOOL_CONVERSION = YES;
				CLANG_WARN_COMMA = YES;
				CLANG_WARN_CONSTANT_CONVERSION = YES;
				CLANG_WARN_DEPRECATED_OBJC_IMPLEMENTATIONS = YES;
				CLANG_WARN_DIRECT_OBJC_ISA_USAGE = YES_ERROR;
				CLANG_WARN_DOCUMENTATION_COMMENTS = YES;
				CLANG_WARN_EMPTY_BODY = YES;
				CLANG_WARN_ENUM_CONVERSION = YES;
				CLANG_WARN_INFINITE_RECURSION = YES;
				CLANG_WARN_INT_CONVERSION = YES;
				CLANG_WARN_NON_LITERAL_NULL_CONVERSION = YES;
				CLANG_WARN_OBJC_IMPLICIT_RETAIN_SELF = YES;
				CLANG_WARN_OBJC_LITERAL_CONVERSION = YES;
				CLANG_WARN_OBJC_ROOT_CLASS = YES_ERROR;
				CLANG_WARN_QUOTED_INCLUDE_IN_FRAMEWORK_HEADER = YES;
				CLANG_WARN_RANGE_LOOP_ANALYSIS = YES;
				CLANG_WARN_STRICT_PROTOTYPES = YES;
				CLANG_WARN_SUSPICIOUS_MOVE = YES;
				CLANG_WARN_UNGUARDED_AVAILABILITY = YES_AGGRESSIVE;
				CLANG_WARN_UNREACHABLE_CODE = YES;
				CLANG_WARN__DUPLICATE_METHOD_MATCH = YES;
				COPY_PHASE_STRIP = NO;
				DEBUG_INFORMATION_FORMAT = dwarf;
				ENABLE_STRICT_OBJC_MSGSEND = YES;
				ENABLE_TESTABILITY = YES;
				ENABLE_USER_SCRIPT_SANDBOXING = YES;
				GCC_C_LANGUAGE_STANDARD = gnu17;
				GCC_DYNAMIC_NO_PIC = NO;
				GCC_NO_COMMON_BLOCKS = YES;
				GCC_OPTIMIZATION_LEVEL = 0;
				GCC_PREPROCESSOR_DEFINITIONS = (
					"DEBUG=1",
					"$(inherited)",
				);
				GCC_WARN_64_TO_32_BIT_CONVERSION = YES;
				GCC_WARN_ABOUT_RETURN_TYPE = YES_ERROR;
				GCC_WARN_UNDECLARED_SELECTOR = YES;
				GCC_WARN_UNINITIALIZED_AUTOS = YES_AGGRESSIVE;
				GCC_WARN_UNUSED_FUNCTION = YES;
				GCC_WARN_UNUSED_VARIABLE = YES;
				IPHONEOS_DEPLOYMENT_TARGET = 17.0;
				LOCALIZATION_PREFERS_STRING_CATALOGS = YES;
				MTL_ENABLE_DEBUG_INFO = INCLUDE_SOURCE;
				MTL_FAST_MATH = YES;
				ONLY_ACTIVE_ARCH = YES;
				SDKROOT = iphoneos;
				SWIFT_ACTIVE_COMPILATION_CONDITIONS = "DEBUG $(inherited)";
				SWIFT_OPTIMIZATION_LEVEL = "-Onone";
			};
			name = Debug;
		};
		20F3C4902AEA145C004E6F00 /* Release */ = {
			isa = XCBuildConfiguration;
			buildSettings = {
				ALWAYS_SEARCH_USER_PATHS = NO;
				ASSETCATALOG_COMPILER_GENERATE_SWIFT_ASSET_SYMBOL_EXTENSIONS = YES;
				CLANG_ANALYZER_NONNULL = YES;
				CLANG_ANALYZER_NUMBER_OBJECT_CONVERSION = YES_AGGRESSIVE;
				CLANG_CXX_LANGUAGE_STANDARD = "gnu++20";
				CLANG_ENABLE_MODULES = YES;
				CLANG_ENABLE_OBJC_ARC = YES;
				CLANG_ENABLE_OBJC_WEAK = YES;
				CLANG_WARN_BLOCK_CAPTURE_AUTORELEASING = YES;
				CLANG_WARN_BOOL_CONVERSION = YES;
				CLANG_WARN_COMMA = YES;
				CLANG_WARN_CONSTANT_CONVERSION = YES;
				CLANG_WARN_DEPRECATED_OBJC_IMPLEMENTATIONS = YES;
				CLANG_WARN_DIRECT_OBJC_ISA_USAGE = YES_ERROR;
				CLANG_WARN_DOCUMENTATION_COMMENTS = YES;
				CLANG_WARN_EMPTY_BODY = YES;
				CLANG_WARN_ENUM_CONVERSION = YES;
				CLANG_WARN_INFINITE_RECURSION = YES;
				CLANG_WARN_INT_CONVERSION = YES;
				CLANG_WARN_NON_LITERAL_NULL_CONVERSION = YES;
				CLANG_WARN_OBJC_IMPLICIT_RETAIN_SELF = YES;
				CLANG_WARN_OBJC_LITERAL_CONVERSION = YES;
				CLANG_WARN_OBJC_ROOT_CLASS = YES_ERROR;
				CLANG_WARN_QUOTED_INCLUDE_IN_FRAMEWORK_HEADER = YES;
				CLANG_WARN_RANGE_LOOP_ANALYSIS = YES;
				CLANG_WARN_STRICT_PROTOTYPES = YES;
				CLANG_WARN_SUSPICIOUS_MOVE = YES;
				CLANG_WARN_UNGUARDED_AVAILABILITY = YES_AGGRESSIVE;
				CLANG_WARN_UNREACHABLE_CODE = YES;
				CLANG_WARN__DUPLICATE_METHOD_MATCH = YES;
				COPY_PHASE_STRIP = NO;
				DEBUG_INFORMATION_FORMAT = "dwarf-with-dsym";
				ENABLE_NS_ASSERTIONS = NO;
				ENABLE_STRICT_OBJC_MSGSEND = YES;
				ENABLE_USER_SCRIPT_SANDBOXING = YES;
				GCC_C_LANGUAGE_STANDARD = gnu17;
				GCC_NO_COMMON_BLOCKS = YES;
				GCC_WARN_64_TO_32_BIT_CONVERSION = YES;
				GCC_WARN_ABOUT_RETURN_TYPE = YES_ERROR;
				GCC_WARN_UNDECLARED_SELECTOR = YES;
				GCC_WARN_UNINITIALIZED_AUTOS = YES_AGGRESSIVE;
				GCC_WARN_UNUSED_FUNCTION = YES;
				GCC_WARN_UNUSED_VARIABLE = YES;
				IPHONEOS_DEPLOYMENT_TARGET = 17.0;
				LOCALIZATION_PREFERS_STRING_CATALOGS = YES;
				MTL_ENABLE_DEBUG_INFO = NO;
				MTL_FAST_MATH = YES;
				SDKROOT = iphoneos;
				SWIFT_COMPILATION_MODE = wholemodule;
				VALIDATE_PRODUCT = YES;
			};
			name = Release;
		};
		20F3C4922AEA145C004E6F00 /* Debug */ = {
			isa = XCBuildConfiguration;
			buildSettings = {
				ASSETCATALOG_COMPILER_APPICON_NAME = AppIcon;
				ASSETCATALOG_COMPILER_GLOBAL_ACCENT_COLOR_NAME = AccentColor;
				CODE_SIGN_STYLE = Automatic;
				CURRENT_PROJECT_VERSION = 1;
				GENERATE_INFOPLIST_FILE = YES;
				INFOPLIST_FILE = Mistun/Info.plist;
				INFOPLIST_KEY_UIApplicationSupportsIndirectInputEvents = YES;
				INFOPLIST_KEY_UILaunchStoryboardName = LaunchScreen;
				INFOPLIST_KEY_UIMainStoryboardFile = "";
				INFOPLIST_KEY_UISupportedInterfaceOrientations = UIInterfaceOrientationPortrait;
				INFOPLIST_KEY_UISupportedInterfaceOrientations_iPad = "UIInterfaceOrientationLandscapeLeft UIInterfaceOrientationLandscapeRight UIInterfaceOrientationPortrait UIInterfaceOrientationPortraitUpsideDown";
				IPHONEOS_DEPLOYMENT_TARGET = 13.0;
				LD_RUNPATH_SEARCH_PATHS = (
					"$(inherited)",
					"@executable_path/Frameworks",
				);
				MARKETING_VERSION = 1.0;
				PRODUCT_BUNDLE_IDENTIFIER = parduh.mistun;
				PRODUCT_NAME = "$(TARGET_NAME)";
				SUPPORTED_PLATFORMS = "iphoneos iphonesimulator";
				SUPPORTS_MACCATALYST = NO;
				SUPPORTS_MAC_DESIGNED_FOR_IPHONE_IPAD = NO;
				SWIFT_EMIT_LOC_STRINGS = YES;
				SWIFT_VERSION = 5.0;
				TARGETED_DEVICE_FAMILY = 1;
			};
			name = Debug;
		};
		20F3C4932AEA145C004E6F00 /* Release */ = {
			isa = XCBuildConfiguration;
			buildSettings = {
				ASSETCATALOG_COMPILER_APPICON_NAME = AppIcon;
				ASSETCATALOG_COMPILER_GLOBAL_ACCENT_COLOR_NAME = AccentColor;
				CODE_SIGN_STYLE = Automatic;
				CURRENT_PROJECT_VERSION = 1;
				GENERATE_INFOPLIST_FILE = YES;
				INFOPLIST_FILE = Mistun/Info.plist;
				INFOPLIST_KEY_UIApplicationSupportsIndirectInputEvents = YES;
				INFOPLIST_KEY_UILaunchStoryboardName = LaunchScreen;
				INFOPLIST_KEY_UIMainStoryboardFile = "";
				INFOPLIST_KEY_UISupportedInterfaceOrientations = UIInterfaceOrientationPortrait;
				INFOPLIST_KEY_UISupportedInterfaceOrientations_iPad = "UIInterfaceOrientationLandscapeLeft UIInterfaceOrientationLandscapeRight UIInterfaceOrientationPortrait UIInterfaceOrientationPortraitUpsideDown";
				IPHONEOS_DEPLOYMENT_TARGET = 13.0;
				LD_RUNPATH_SEARCH_PATHS = (
					"$(inherited)",
					"@executable_path/Frameworks",
				);
				MARKETING_VERSION = 1.0;
				PRODUCT_BUNDLE_IDENTIFIER = parduh.mistun;
				PRODUCT_NAME = "$(TARGET_NAME)";
				SUPPORTED_PLATFORMS = "iphoneos iphonesimulator";
				SUPPORTS_MACCATALYST = NO;
				SUPPORTS_MAC_DESIGNED_FOR_IPHONE_IPAD = NO;
				SWIFT_EMIT_LOC_STRINGS = YES;
				SWIFT_VERSION = 5.0;
				TARGETED_DEVICE_FAMILY = 1;
			};
			name = Release;
		};
		20F3C4952AEA145C004E6F00 /* Debug */ = {
			isa = XCBuildConfiguration;
			buildSettings = {
				ALWAYS_EMBED_SWIFT_STANDARD_LIBRARIES = YES;
				BUNDLE_LOADER = "$(TEST_HOST)";
				CODE_SIGN_STYLE = Automatic;
				CURRENT_PROJECT_VERSION = 1;
				GENERATE_INFOPLIST_FILE = YES;
				IPHONEOS_DEPLOYMENT_TARGET = 17.0;
				MARKETING_VERSION = 1.0;
				PRODUCT_BUNDLE_IDENTIFIER = parduh.MistunTests;
				PRODUCT_NAME = "$(TARGET_NAME)";
				SWIFT_EMIT_LOC_STRINGS = NO;
				SWIFT_VERSION = 5.0;
				TARGETED_DEVICE_FAMILY = "1,2";
				TEST_HOST = "$(BUILT_PRODUCTS_DIR)/Mistun.app/$(BUNDLE_EXECUTABLE_FOLDER_PATH)/Mistun";
			};
			name = Debug;
		};
		20F3C4962AEA145C004E6F00 /* Release */ = {
			isa = XCBuildConfiguration;
			buildSettings = {
				ALWAYS_EMBED_SWIFT_STANDARD_LIBRARIES = YES;
				BUNDLE_LOADER = "$(TEST_HOST)";
				CODE_SIGN_STYLE = Automatic;
				CURRENT_PROJECT_VERSION = 1;
				GENERATE_INFOPLIST_FILE = YES;
				IPHONEOS_DEPLOYMENT_TARGET = 17.0;
				MARKETING_VERSION = 1.0;
				PRODUCT_BUNDLE_IDENTIFIER = parduh.MistunTests;
				PRODUCT_NAME = "$(TARGET_NAME)";
				SWIFT_EMIT_LOC_STRINGS = NO;
				SWIFT_VERSION = 5.0;
				TARGETED_DEVICE_FAMILY = "1,2";
				TEST_HOST = "$(BUILT_PRODUCTS_DIR)/Mistun.app/$(BUNDLE_EXECUTABLE_FOLDER_PATH)/Mistun";
			};
			name = Release;
		};
/* End XCBuildConfiguration section */

/* Begin XCConfigurationList section */
		20F3C4622AEA145B004E6F00 /* Build configuration list for PBXProject "Mistun" */ = {
			isa = XCConfigurationList;
			buildConfigurations = (
				20F3C48F2AEA145C004E6F00 /* Debug */,
				20F3C4902AEA145C004E6F00 /* Release */,
			);
			defaultConfigurationIsVisible = 0;
			defaultConfigurationName = Release;
		};
		20F3C4912AEA145C004E6F00 /* Build configuration list for PBXNativeTarget "Mistun" */ = {
			isa = XCConfigurationList;
			buildConfigurations = (
				20F3C4922AEA145C004E6F00 /* Debug */,
				20F3C4932AEA145C004E6F00 /* Release */,
			);
			defaultConfigurationIsVisible = 0;
			defaultConfigurationName = Release;
		};
		20F3C4942AEA145C004E6F00 /* Build configuration list for PBXNativeTarget "MistunTests" */ = {
			isa = XCConfigurationList;
			buildConfigurations = (
				20F3C4952AEA145C004E6F00 /* Debug */,
				20F3C4962AEA145C004E6F00 /* Release */,
			);
			defaultConfigurationIsVisible = 0;
			defaultConfigurationName = Release;
		};
/* End XCConfigurationList section */
	};
	rootObject = 20F3C45F2AEA145B004E6F00 /* Project object */;
}
